
Microsoft Visual Studio Solution File, Format Version 12.00
# Visual Studio 15
VisualStudioVersion = 15.0.26403.7
MinimumVisualStudioVersion = 10.0.40219.1
Project("{FAE04EC0-301F-11D3-BF4B-00C04F79EFBC}") = "BC4Net.Domain", "BC4Net.Domain\BC4Net.Domain.csproj", "{F8A36166-ACB2-4E0F-9401-52F4A5812206}"
EndProject
Project("{FAE04EC0-301F-11D3-BF4B-00C04F79EFBC}") = "BC4Net.Api", "BC4Net.Api\BC4Net.Api.csproj", "{6BA98973-DE5E-436B-BD89-67E8772DF23C}"
EndProject
Project("{FAE04EC0-301F-11D3-BF4B-00C04F79EFBC}") = "BC4Net.Api_Tests", "BC4Net.Api_Tests\BC4Net.Api_Tests.csproj", "{D5C593F3-257E-4EB8-B9AB-BFCD408A7ECB}"
EndProject
Global
	GlobalSection(SolutionConfigurationPlatforms) = preSolution
		Debug|Any CPU = Debug|Any CPU
		Release|Any CPU = Release|Any CPU
	EndGlobalSection
	GlobalSection(ProjectConfigurationPlatforms) = postSolution
		{F8A36166-ACB2-4E0F-9401-52F4A5812206}.Debug|Any CPU.ActiveCfg = Debug|Any CPU
		{F8A36166-ACB2-4E0F-9401-52F4A5812206}.Debug|Any CPU.Build.0 = Debug|Any CPU
		{F8A36166-ACB2-4E0F-9401-52F4A5812206}.Release|Any CPU.ActiveCfg = Release|Any CPU
		{F8A36166-ACB2-4E0F-9401-52F4A5812206}.Release|Any CPU.Build.0 = Release|Any CPU
		{6BA98973-DE5E-436B-BD89-67E8772DF23C}.Debug|Any CPU.ActiveCfg = Debug|Any CPU
		{6BA98973-DE5E-436B-BD89-67E8772DF23C}.Debug|Any CPU.Build.0 = Debug|Any CPU
		{6BA98973-DE5E-436B-BD89-67E8772DF23C}.Release|Any CPU.ActiveCfg = Release|Any CPU
		{6BA98973-DE5E-436B-BD89-67E8772DF23C}.Release|Any CPU.Build.0 = Release|Any CPU
		{D5C593F3-257E-4EB8-B9AB-BFCD408A7ECB}.Debug|Any CPU.ActiveCfg = Debug|Any CPU
		{D5C593F3-257E-4EB8-B9AB-BFCD408A7ECB}.Debug|Any CPU.Build.0 = Debug|Any CPU
		{D5C593F3-257E-4EB8-B9AB-BFCD408A7ECB}.Release|Any CPU.ActiveCfg = Release|Any CPU
		{D5C593F3-257E-4EB8-B9AB-BFCD408A7ECB}.Release|Any CPU.Build.0 = Release|Any CPU
	EndGlobalSection
	GlobalSection(SolutionProperties) = preSolution
		HideSolutionNode = FALSE
	EndGlobalSection
EndGlobal
